
Microsoft Visual Studio Solution File, Format Version 12.00
# Visual Studio Version 16
VisualStudioVersion = 16.0.28803.352
MinimumVisualStudioVersion = 10.0.40219.1
Project("{9A19103F-16F7-4668-BE54-9A1E7A4F7556}") = "ViewComponentsDemo", "ViewComponentsDemo\ViewComponentsDemo.csproj", "{0BFE3877-32A0-45BB-A0FD-C420A3AAFFCF}"
EndProject
Project("{FAE04EC0-301F-11D3-BF4B-00C04F79EFBC}") = "ViewComponentsDemo.Test", "ViewComponentsDemo.Test\ViewComponentsDemo.Test.csproj", "{6F258981-074D-4E21-B7D9-DDCD2D8EB820}"
EndProject
Global
	GlobalSection(SolutionConfigurationPlatforms) = preSolution
		Debug|Any CPU = Debug|Any CPU
		Release|Any CPU = Release|Any CPU
	EndGlobalSection
	GlobalSection(ProjectConfigurationPlatforms) = postSolution
		{0BFE3877-32A0-45BB-A0FD-C420A3AAFFCF}.Debug|Any CPU.ActiveCfg = Debug|Any CPU
		{0BFE3877-32A0-45BB-A0FD-C420A3AAFFCF}.Debug|Any CPU.Build.0 = Debug|Any CPU
		{0BFE3877-32A0-45BB-A0FD-C420A3AAFFCF}.Release|Any CPU.ActiveCfg = Release|Any CPU
		{0BFE3877-32A0-45BB-A0FD-C420A3AAFFCF}.Release|Any CPU.Build.0 = Release|Any CPU
		{6F258981-074D-4E21-B7D9-DDCD2D8EB820}.Debug|Any CPU.ActiveCfg = Debug|Any CPU
		{6F258981-074D-4E21-B7D9-DDCD2D8EB820}.Debug|Any CPU.Build.0 = Debug|Any CPU
		{6F258981-074D-4E21-B7D9-DDCD2D8EB820}.Release|Any CPU.ActiveCfg = Release|Any CPU
		{6F258981-074D-4E21-B7D9-DDCD2D8EB820}.Release|Any CPU.Build.0 = Release|Any CPU
	EndGlobalSection
	GlobalSection(SolutionProperties) = preSolution
		HideSolutionNode = FALSE
	EndGlobalSection
	GlobalSection(ExtensibilityGlobals) = postSolution
		SolutionGuid = {1087BC29-5E3B-42C6-AB2A-0CFD520B1E7A}
	EndGlobalSection
EndGlobal
